
Microsoft Visual Studio Solution File, Format Version 12.00
# Visual Studio Version 17
VisualStudioVersion = 17.5.002.0
MinimumVisualStudioVersion = 10.0.40219.1
Project("{9A19103F-16F7-4668-BE54-9A1E7A4F7556}") = "docker_init", "docker_init.csproj", "{C86F8C02-9D38-4E4D-BE72-B62520D12435}"
EndProject
Global
	GlobalSection(SolutionConfigurationPlatforms) = preSolution
		Debug|Any CPU = Debug|Any CPU
		Release|Any CPU = Release|Any CPU
	EndGlobalSection
	GlobalSection(ProjectConfigurationPlatforms) = postSolution
		{C86F8C02-9D38-4E4D-BE72-B62520D12435}.Debug|Any CPU.ActiveCfg = Debug|Any CPU
		{C86F8C02-9D38-4E4D-BE72-B62520D12435}.Debug|Any CPU.Build.0 = Debug|Any CPU
		{C86F8C02-9D38-4E4D-BE72-B62520D12435}.Release|Any CPU.ActiveCfg = Release|Any CPU
		{C86F8C02-9D38-4E4D-BE72-B62520D12435}.Release|Any CPU.Build.0 = Release|Any CPU
	EndGlobalSection
	GlobalSection(SolutionProperties) = preSolution
		HideSolutionNode = FALSE
	EndGlobalSection
	GlobalSection(ExtensibilityGlobals) = postSolution
		SolutionGuid = {7A106413-73BE-4DC6-A7BC-7F4C02F048EA}
	EndGlobalSection
EndGlobal
